
Microsoft Visual Studio Solution File, Format Version 12.00
# Visual Studio Version 17
VisualStudioVersion = 17.14.36301.6 d17.14
MinimumVisualStudioVersion = 10.0.40219.1
Project("{FAE04EC0-301F-11D3-BF4B-00C04F79EFBC}") = "01.SquareRoot", "01.SquareRoot\01.SquareRoot.csproj", "{D956C138-0C7E-43FD-90C2-B0D3EB9C9543}"
EndProject
Project("{FAE04EC0-301F-11D3-BF4B-00C04F79EFBC}") = "02.EnterNumbers", "02.EnterNumbers\02.EnterNumbers.csproj", "{64301CBD-2934-4CD6-81E7-519BC15D90AE}"
EndProject
Project("{FAE04EC0-301F-11D3-BF4B-00C04F79EFBC}") = "03.SumOfIntegers", "03.SumOfIntegers\03.SumOfIntegers.csproj", "{9F87F837-0DDB-444D-99DD-A5C38FDC4D3F}"
EndProject
Global
	GlobalSection(SolutionConfigurationPlatforms) = preSolution
		Debug|Any CPU = Debug|Any CPU
		Release|Any CPU = Release|Any CPU
	EndGlobalSection
	GlobalSection(ProjectConfigurationPlatforms) = postSolution
		{D956C138-0C7E-43FD-90C2-B0D3EB9C9543}.Debug|Any CPU.ActiveCfg = Debug|Any CPU
		{D956C138-0C7E-43FD-90C2-B0D3EB9C9543}.Debug|Any CPU.Build.0 = Debug|Any CPU
		{D956C138-0C7E-43FD-90C2-B0D3EB9C9543}.Release|Any CPU.ActiveCfg = Release|Any CPU
		{D956C138-0C7E-43FD-90C2-B0D3EB9C9543}.Release|Any CPU.Build.0 = Release|Any CPU
		{64301CBD-2934-4CD6-81E7-519BC15D90AE}.Debug|Any CPU.ActiveCfg = Debug|Any CPU
		{64301CBD-2934-4CD6-81E7-519BC15D90AE}.Debug|Any CPU.Build.0 = Debug|Any CPU
		{64301CBD-2934-4CD6-81E7-519BC15D90AE}.Release|Any CPU.ActiveCfg = Release|Any CPU
		{64301CBD-2934-4CD6-81E7-519BC15D90AE}.Release|Any CPU.Build.0 = Release|Any CPU
		{9F87F837-0DDB-444D-99DD-A5C38FDC4D3F}.Debug|Any CPU.ActiveCfg = Debug|Any CPU
		{9F87F837-0DDB-444D-99DD-A5C38FDC4D3F}.Debug|Any CPU.Build.0 = Debug|Any CPU
		{9F87F837-0DDB-444D-99DD-A5C38FDC4D3F}.Release|Any CPU.ActiveCfg = Release|Any CPU
		{9F87F837-0DDB-444D-99DD-A5C38FDC4D3F}.Release|Any CPU.Build.0 = Release|Any CPU
	EndGlobalSection
	GlobalSection(SolutionProperties) = preSolution
		HideSolutionNode = FALSE
	EndGlobalSection
	GlobalSection(ExtensibilityGlobals) = postSolution
		SolutionGuid = {A3B879BA-9AB6-4170-8DF1-0BA3176AF05E}
	EndGlobalSection
EndGlobal
